
Microsoft Visual Studio Solution File, Format Version 12.00
# Visual Studio Version 16
VisualStudioVersion = 16.0.30011.22
MinimumVisualStudioVersion = 10.0.40219.1
Project("{FAE04EC0-301F-11D3-BF4B-00C04F79EFBC}") = "Project", "CTS_ATS_Backend_Webservice\Project.csproj", "{7605CCED-9AD3-4C9F-9E31-6B106FFC82BA}"
EndProject
Global
	GlobalSection(SolutionConfigurationPlatforms) = preSolution
		Debug|Any CPU = Debug|Any CPU
		Release|Any CPU = Release|Any CPU
	EndGlobalSection
	GlobalSection(ProjectConfigurationPlatforms) = postSolution
		{7605CCED-9AD3-4C9F-9E31-6B106FFC82BA}.Debug|Any CPU.ActiveCfg = Debug|Any CPU
		{7605CCED-9AD3-4C9F-9E31-6B106FFC82BA}.Debug|Any CPU.Build.0 = Debug|Any CPU
		{7605CCED-9AD3-4C9F-9E31-6B106FFC82BA}.Release|Any CPU.ActiveCfg = Release|Any CPU
		{7605CCED-9AD3-4C9F-9E31-6B106FFC82BA}.Release|Any CPU.Build.0 = Release|Any CPU
	EndGlobalSection
	GlobalSection(SolutionProperties) = preSolution
		HideSolutionNode = FALSE
	EndGlobalSection
	GlobalSection(ExtensibilityGlobals) = postSolution
		SolutionGuid = {ADD8C5EB-012D-4FED-92B8-0EB8FD90ED29}
	EndGlobalSection
EndGlobal
